{
  "version": 4,
  "terraform_version": "1.8.1",
  "serial": 4,
  "lineage": "4aa997ef-42ad-51ac-60b1-3a8c21423df7",
  "outputs": {},
  "resources": [
    {
      "module": "module.observability_platform_tenant",
      "mode": "data",
      "type": "aws_iam_policy_document",
      "name": "assume",
      "provider": "provider[\"registry.terraform.io/hashicorp/aws\"]",
      "instances": [
        {
          "schema_version": 0,
          "attributes": {
            "id": "2345501612",
            "json": "{\n  \"Version\": \"2012-10-17\",\n  \"Statement\": [\n    {\n      \"Effect\": \"Allow\",\n      \"Action\": \"sts:AssumeRole\",\n      \"Principal\": {\n        \"AWS\": \"arn:aws:iam::1234567890:root\"\n      }\n    }\n  ]\n}",
            "override_json": null,
            "override_policy_documents": null,
            "policy_id": null,
            "source_json": null,
            "source_policy_documents": null,
            "statement": [
              {
                "actions": [
                  "sts:AssumeRole"
                ],
                "condition": [],
                "effect": "Allow",
                "not_actions": [],
                "not_principals": [],
                "not_resources": [],
                "principals": [
                  {
                    "identifiers": [
                      "arn:aws:iam::1234567890:root"
                    ],
                    "type": "AWS"
                  }
                ],
                "resources": [],
                "sid": ""
              }
            ],
            "version": "2012-10-17"
          },
          "sensitive_attributes": []
        }
      ]
    },
    {
      "module": "module.observability_platform_tenant",
      "mode": "managed",
      "type": "aws_iam_role",
      "name": "this",
      "provider": "provider[\"registry.terraform.io/hashicorp/aws\"]",
      "instances": [
        {
          "schema_version": 0,
          "attributes": {
            "arn": "arn:aws:iam::000000000000:role/observability-platform",
            "assume_role_policy": "{\"Statement\":[{\"Action\":\"sts:AssumeRole\",\"Effect\":\"Allow\",\"Principal\":{\"AWS\":\"arn:aws:iam::1234567890:root\"}}],\"Version\":\"2012-10-17\"}",
            "create_date": "2024-04-22T15:01:52Z",
            "description": "",
            "force_detach_policies": false,
            "id": "observability-platform",
            "inline_policy": [],
            "managed_policy_arns": [],
            "max_session_duration": 3600,
            "name": "observability-platform",
            "name_prefix": "",
            "path": "/",
            "permissions_boundary": "",
            "tags": null,
            "tags_all": {},
            "unique_id": "AROAQAAAAAAANKD6OWOLZ"
          },
          "sensitive_attributes": [],
          "private": "bnVsbA==",
          "dependencies": [
            "module.observability_platform_tenant.data.aws_iam_policy_document.assume"
          ]
        }
      ]
    },
    {
      "module": "module.observability_platform_tenant",
      "mode": "managed",
      "type": "aws_iam_role_policy_attachment",
      "name": "cloudwatch_readonly_access",
      "provider": "provider[\"registry.terraform.io/hashicorp/aws\"]",
      "instances": [
        {
          "schema_version": 0,
          "attributes": {
            "id": "observability-platform-20240422150152917100000001",
            "policy_arn": "arn:aws:iam::aws:policy/CloudWatchReadOnlyAccess",
            "role": "observability-platform"
          },
          "sensitive_attributes": [],
          "private": "bnVsbA==",
          "dependencies": [
            "module.observability_platform_tenant.aws_iam_role.this",
            "module.observability_platform_tenant.data.aws_iam_policy_document.assume"
          ]
        }
      ]
    },
    {
      "module": "module.observability_platform_tenant",
      "mode": "managed",
      "type": "aws_iam_role_policy_attachment",
      "name": "xray_readonly_access",
      "provider": "provider[\"registry.terraform.io/hashicorp/aws\"]",
      "instances": [
        {
          "index_key": 0,
          "schema_version": 0,
          "attributes": {
            "id": "observability-platform-20240422150152918400000002",
            "policy_arn": "arn:aws:iam::aws:policy/AWSXrayReadOnlyAccess",
            "role": "observability-platform"
          },
          "sensitive_attributes": [],
          "private": "bnVsbA==",
          "dependencies": [
            "module.observability_platform_tenant.aws_iam_role.this",
            "module.observability_platform_tenant.data.aws_iam_policy_document.assume"
          ]
        }
      ]
    }
  ],
  "check_results": null
}
